
Microsoft Visual Studio Solution File, Format Version 12.00
# Visual Studio 14
VisualStudioVersion = 14.0.25420.1
MinimumVisualStudioVersion = 10.0.40219.1
Project("{FAE04EC0-301F-11D3-BF4B-00C04F79EFBC}") = "Exam1", "Exam1\Exam1.csproj", "{4D9CE965-2284-4CA5-8610-73B1080A42CA}"
EndProject
Project("{FAE04EC0-301F-11D3-BF4B-00C04F79EFBC}") = "SoftUni Karaoke", "SoftUni Karaoke\SoftUni Karaoke.csproj", "{88C14C07-05FD-48D2-9680-D12316BA931F}"
EndProject
Project("{FAE04EC0-301F-11D3-BF4B-00C04F79EFBC}") = "winning ticket", "winning ticket\winning ticket.csproj", "{2CC3D2F2-2CF6-416A-942A-5A95A168C20C}"
EndProject
Project("{FAE04EC0-301F-11D3-BF4B-00C04F79EFBC}") = "Charity Marathon", "Charity Marathon\Charity Marathon.csproj", "{DB8DBE0B-8D49-40E2-90F6-31E04F1D9786}"
EndProject
Global
	GlobalSection(SolutionConfigurationPlatforms) = preSolution
		Debug|Any CPU = Debug|Any CPU
		Release|Any CPU = Release|Any CPU
	EndGlobalSection
	GlobalSection(ProjectConfigurationPlatforms) = postSolution
		{4D9CE965-2284-4CA5-8610-73B1080A42CA}.Debug|Any CPU.ActiveCfg = Debug|Any CPU
		{4D9CE965-2284-4CA5-8610-73B1080A42CA}.Debug|Any CPU.Build.0 = Debug|Any CPU
		{4D9CE965-2284-4CA5-8610-73B1080A42CA}.Release|Any CPU.ActiveCfg = Release|Any CPU
		{4D9CE965-2284-4CA5-8610-73B1080A42CA}.Release|Any CPU.Build.0 = Release|Any CPU
		{88C14C07-05FD-48D2-9680-D12316BA931F}.Debug|Any CPU.ActiveCfg = Debug|Any CPU
		{88C14C07-05FD-48D2-9680-D12316BA931F}.Debug|Any CPU.Build.0 = Debug|Any CPU
		{88C14C07-05FD-48D2-9680-D12316BA931F}.Release|Any CPU.ActiveCfg = Release|Any CPU
		{88C14C07-05FD-48D2-9680-D12316BA931F}.Release|Any CPU.Build.0 = Release|Any CPU
		{2CC3D2F2-2CF6-416A-942A-5A95A168C20C}.Debug|Any CPU.ActiveCfg = Debug|Any CPU
		{2CC3D2F2-2CF6-416A-942A-5A95A168C20C}.Debug|Any CPU.Build.0 = Debug|Any CPU
		{2CC3D2F2-2CF6-416A-942A-5A95A168C20C}.Release|Any CPU.ActiveCfg = Release|Any CPU
		{2CC3D2F2-2CF6-416A-942A-5A95A168C20C}.Release|Any CPU.Build.0 = Release|Any CPU
		{DB8DBE0B-8D49-40E2-90F6-31E04F1D9786}.Debug|Any CPU.ActiveCfg = Debug|Any CPU
		{DB8DBE0B-8D49-40E2-90F6-31E04F1D9786}.Debug|Any CPU.Build.0 = Debug|Any CPU
		{DB8DBE0B-8D49-40E2-90F6-31E04F1D9786}.Release|Any CPU.ActiveCfg = Release|Any CPU
		{DB8DBE0B-8D49-40E2-90F6-31E04F1D9786}.Release|Any CPU.Build.0 = Release|Any CPU
	EndGlobalSection
	GlobalSection(SolutionProperties) = preSolution
		HideSolutionNode = FALSE
	EndGlobalSection
EndGlobal
