
Microsoft Visual Studio Solution File, Format Version 12.00
# Visual Studio 14
VisualStudioVersion = 14.0.25420.1
MinimumVisualStudioVersion = 10.0.40219.1
Project("{FAE04EC0-301F-11D3-BF4B-00C04F79EFBC}") = "dictionary", "dictionary\dictionary.csproj", "{FF2CD737-7CF2-42F4-936E-CF3692B8EAF4}"
EndProject
Project("{FAE04EC0-301F-11D3-BF4B-00C04F79EFBC}") = "dragons", "dragons\dragons.csproj", "{FC43F6BF-2532-48F9-8B80-D13838D127F2}"
EndProject
Global
	GlobalSection(SolutionConfigurationPlatforms) = preSolution
		Debug|Any CPU = Debug|Any CPU
		Release|Any CPU = Release|Any CPU
	EndGlobalSection
	GlobalSection(ProjectConfigurationPlatforms) = postSolution
		{FF2CD737-7CF2-42F4-936E-CF3692B8EAF4}.Debug|Any CPU.ActiveCfg = Debug|Any CPU
		{FF2CD737-7CF2-42F4-936E-CF3692B8EAF4}.Debug|Any CPU.Build.0 = Debug|Any CPU
		{FF2CD737-7CF2-42F4-936E-CF3692B8EAF4}.Release|Any CPU.ActiveCfg = Release|Any CPU
		{FF2CD737-7CF2-42F4-936E-CF3692B8EAF4}.Release|Any CPU.Build.0 = Release|Any CPU
		{FC43F6BF-2532-48F9-8B80-D13838D127F2}.Debug|Any CPU.ActiveCfg = Debug|Any CPU
		{FC43F6BF-2532-48F9-8B80-D13838D127F2}.Debug|Any CPU.Build.0 = Debug|Any CPU
		{FC43F6BF-2532-48F9-8B80-D13838D127F2}.Release|Any CPU.ActiveCfg = Release|Any CPU
		{FC43F6BF-2532-48F9-8B80-D13838D127F2}.Release|Any CPU.Build.0 = Release|Any CPU
	EndGlobalSection
	GlobalSection(SolutionProperties) = preSolution
		HideSolutionNode = FALSE
	EndGlobalSection
EndGlobal
